// !$*UTF8*$!
{
	archiveVersion = 1;
	classes = {
	};
	objectVersion = 46;
	objects = {

/* Begin PBXBuildFile section */
		F05C7C621F06374400186E6A /* AppDelegate.swift in Sources */ = {isa = PBXBuildFile; fileRef = F05C7C611F06374400186E6A /* AppDelegate.swift */; };
		F05C7C641F06374400186E6A /* ViewController.swift in Sources */ = {isa = PBXBuildFile; fileRef = F05C7C631F06374400186E6A /* ViewController.swift */; };
		F05C7C671F06374400186E6A /* Main.storyboard in Resources */ = {isa = PBXBuildFile; fileRef = F05C7C651F06374400186E6A /* Main.storyboard */; };
		F05C7C691F06374400186E6A /* Assets.xcassets in Resources */ = {isa = PBXBuildFile; fileRef = F05C7C681F06374400186E6A /* Assets.xcassets */; };
		F05C7C6C1F06374400186E6A /* LaunchScreen.storyboard in Resources */ = {isa = PBXBuildFile; fileRef = F05C7C6A1F06374400186E6A /* LaunchScreen.storyboard */; };
/* End PBXBuildFile section */

/* Begin PBXFileReference section */
		F05C7C5E1F06374400186E6A /* ImmediatePill.app */ = {isa = PBXFileReference; explicitFileType = wrapper.application; includeInIndex = 0; path = ImmediatePill.app; sourceTree = BUILT_PRODUCTS_DIR; };
		F05C7C611F06374400186E6A /* AppDelegate.swift */ = {isa = PBXFileReference; lastKnownFileType = sourcecode.swift; path = AppDelegate.swift; sourceTree = "<group>"; };
		F05C7C631F06374400186E6A /* ViewController.swift */ = {isa = PBXFileReference; lastKnownFileType = sourcecode.swift; path = ViewController.swift; sourceTree = "<group>"; };
		F05C7C661F06374400186E6A /* Base */ = {isa = PBXFileReference; lastKnownFileType = file.storyboard; name = Base; path = Base.lproj/Main.storyboard; sourceTree = "<group>"; };
		F05C7C681F06374400186E6A /* Assets.xcassets */ = {isa = PBXFileReference; lastKnownFileType = folder.assetcatalog; path = Assets.xcassets; sourceTree = "<group>"; };
		F05C7C6B1F06374400186E6A /* Base */ = {isa = PBXFileReference; lastKnownFileType = file.storyboard; name = Base; path = Base.lproj/LaunchScreen.storyboard; sourceTree = "<group>"; };
		F05C7C6D1F06374400186E6A /* Info.plist */ = {isa = PBXFileReference; lastKnownFileType = text.plist.xml; path = Info.plist; sourceTree = "<group>"; };
/* End PBXFileReference section */

/* Begin PBXFrameworksBuildPhase section */
		F05C7C5B1F06374400186E6A /* Frameworks */ = {
			isa = PBXFrameworksBuildPhase;
			buildActionMask = 2147483647;
			files = (
			);
			runOnlyForDeploymentPostprocessing = 0;
		};
/* End PBXFrameworksBuildPhase section */

/* Begin PBXGroup section */
		F05C7C551F06374400186E6A = {
			isa = PBXGroup;
			children = (
				F05C7C601F06374400186E6A /* ImmediatePill */,
				F05C7C5F1F06374400186E6A /* Products */,
			);
			sourceTree = "<group>";
		};
		F05C7C5F1F06374400186E6A /* Products */ = {
			isa = PBXGroup;
			children = (
				F05C7C5E1F06374400186E6A /* ImmediatePill.app */,
			);
			name = Products;
			sourceTree = "<group>";
		};
		F05C7C601F06374400186E6A /* ImmediatePill */ = {
			isa = PBXGroup;
			children = (
				F05C7C611F06374400186E6A /* AppDelegate.swift */,
				F05C7C631F06374400186E6A /* ViewController.swift */,
				F05C7C651F06374400186E6A /* Main.storyboard */,
				F05C7C681F06374400186E6A /* Assets.xcassets */,
				F05C7C6A1F06374400186E6A /* LaunchScreen.storyboard */,
				F05C7C6D1F06374400186E6A /* Info.plist */,
			);
			path = ImmediatePill;
			sourceTree = "<group>";
		};
/* End PBXGroup section */

/* Begin PBXNativeTarget section */
		F05C7C5D1F06374400186E6A /* ImmediatePill */ = {
			isa = PBXNativeTarget;
			buildConfigurationList = F05C7C701F06374400186E6A /* Build configuration list for PBXNativeTarget "ImmediatePill" */;
			buildPhases = (
				F05C7C5A1F06374400186E6A /* Sources */,
				F05C7C5B1F06374400186E6A /* Frameworks */,
				F05C7C5C1F06374400186E6A /* Resources */,
			);
			buildRules = (
			);
			dependencies = (
			);
			name = ImmediatePill;
			productName = ImmediatePill;
			productReference = F05C7C5E1F06374400186E6A /* ImmediatePill.app */;
			productType = "com.apple.product-type.application";
		};
/* End PBXNativeTarget section */

/* Begin PBXProject section */
		F05C7C561F06374400186E6A /* Project object */ = {
			isa = PBXProject;
			attributes = {
				LastSwiftUpdateCheck = 0830;
				LastUpgradeCheck = 0830;
				ORGANIZATIONNAME = on3;
				TargetAttributes = {
					F05C7C5D1F06374400186E6A = {
						CreatedOnToolsVersion = 8.3.3;
						ProvisioningStyle = Automatic;
					};
				};
			};
			buildConfigurationList = F05C7C591F06374400186E6A /* Build configuration list for PBXProject "ImmediatePill" */;
			compatibilityVersion = "Xcode 3.2";
			developmentRegion = English;
			hasScannedForEncodings = 0;
			knownRegions = (
				en,
				Base,
			);
			mainGroup = F05C7C551F06374400186E6A;
			productRefGroup = F05C7C5F1F06374400186E6A /* Products */;
			projectDirPath = "";
			projectRoot = "";
			targets = (
				F05C7C5D1F06374400186E6A /* ImmediatePill */,
			);
		};
/* End PBXProject section */

/* Begin PBXResourcesBuildPhase section */
		F05C7C5C1F06374400186E6A /* Resources */ = {
			isa = PBXResourcesBuildPhase;
			buildActionMask = 2147483647;
			files = (
				F05C7C6C1F06374400186E6A /* LaunchScreen.storyboard in Resources */,
				F05C7C691F06374400186E6A /* Assets.xcassets in Resources */,
				F05C7C671F06374400186E6A /* Main.storyboard in Resources */,
			);
			runOnlyForDeploymentPostprocessing = 0;
		};
/* End PBXResourcesBuildPhase section */

/* Begin PBXSourcesBuildPhase section */
		F05C7C5A1F06374400186E6A /* Sources */ = {
			isa = PBXSourcesBuildPhase;
			buildActionMask = 2147483647;
			files = (
				F05C7C641F06374400186E6A /* ViewController.swift in Sources */,
				F05C7C621F06374400186E6A /* AppDelegate.swift in Sources */,
			);
			runOnlyForDeploymentPostprocessing = 0;
		};
/* End PBXSourcesBuildPhase section */

/* Begin PBXVariantGroup section */
		F05C7C651F06374400186E6A /* Main.storyboard */ = {
			isa = PBXVariantGroup;
			children = (
				F05C7C661F06374400186E6A /* Base */,
			);
			name = Main.storyboard;
			sourceTree = "<group>";
		};
		F05C7C6A1F06374400186E6A /* LaunchScreen.storyboard */ = {
			isa = PBXVariantGroup;
			children = (
				F05C7C6B1F06374400186E6A /* Base */,
			);
			name = LaunchScreen.storyboard;
			sourceTree = "<group>";
		};
/* End PBXVariantGroup section */

/* Begin XCBuildConfiguration section */
		F05C7C6E1F06374400186E6A /* Debug */ = {
			isa = XCBuildConfiguration;
			buildSettings = {
				ALWAYS_SEARCH_USER_PATHS = NO;
				CLANG_ANALYZER_NONNULL = YES;
				CLANG_ANALYZER_NUMBER_OBJECT_CONVERSION = YES_AGGRESSIVE;
				CLANG_CXX_LANGUAGE_STANDARD = "gnu++0x";
				CLANG_CXX_LIBRARY = "libc++";
				CLANG_ENABLE_MODULES = YES;
				CLANG_ENABLE_OBJC_ARC = YES;
				CLANG_WARN_BOOL_CONVERSION = YES;
				CLANG_WARN_CONSTANT_CONVERSION = YES;
				CLANG_WARN_DIRECT_OBJC_ISA_USAGE = YES_ERROR;
				CLANG_WARN_DOCUMENTATION_COMMENTS = YES;
				CLANG_WARN_EMPTY_BODY = YES;
				CLANG_WARN_ENUM_CONVERSION = YES;
				CLANG_WARN_INFINITE_RECURSION = YES;
				CLANG_WARN_INT_CONVERSION = YES;
				CLANG_WARN_OBJC_ROOT_CLASS = YES_ERROR;
				CLANG_WARN_SUSPICIOUS_MOVE = YES;
				CLANG_WARN_UNREACHABLE_CODE = YES;
				CLANG_WARN__DUPLICATE_METHOD_MATCH = YES;
				"CODE_SIGN_IDENTITY[sdk=iphoneos*]" = "iPhone Developer";
				COPY_PHASE_STRIP = NO;
				DEBUG_INFORMATION_FORMAT = dwarf;
				ENABLE_STRICT_OBJC_MSGSEND = YES;
				ENABLE_TESTABILITY = YES;
				GCC_C_LANGUAGE_STANDARD = gnu99;
				GCC_DYNAMIC_NO_PIC = NO;
				GCC_NO_COMMON_BLOCKS = YES;
				GCC_OPTIMIZATION_LEVEL = 0;
				GCC_PREPROCESSOR_DEFINITIONS = (
					"DEBUG=1",
					"$(inherited)",
				);
				GCC_WARN_64_TO_32_BIT_CONVERSION = YES;
				GCC_WARN_ABOUT_RETURN_TYPE = YES_ERROR;
				GCC_WARN_UNDECLARED_SELECTOR = YES;
				GCC_WARN_UNINITIALIZED_AUTOS = YES_AGGRESSIVE;
				GCC_WARN_UNUSED_FUNCTION = YES;
				GCC_WARN_UNUSED_VARIABLE = YES;
				IPHONEOS_DEPLOYMENT_TARGET = 10.3;
				MTL_ENABLE_DEBUG_INFO = YES;
				ONLY_ACTIVE_ARCH = YES;
				SDKROOT = iphoneos;
				SWIFT_ACTIVE_COMPILATION_CONDITIONS = DEBUG;
				SWIFT_OPTIMIZATION_LEVEL = "-Onone";
				TARGETED_DEVICE_FAMILY = "1,2";
			};
			name = Debug;
		};
		F05C7C6F1F06374400186E6A /* Release */ = {
			isa = XCBuildConfiguration;
			buildSettings = {
				ALWAYS_SEARCH_USER_PATHS = NO;
				CLANG_ANALYZER_NONNULL = YES;
				CLANG_ANALYZER_NUMBER_OBJECT_CONVERSION = YES_AGGRESSIVE;
				CLANG_CXX_LANGUAGE_STANDARD = "gnu++0x";
				CLANG_CXX_LIBRARY = "libc++";
				CLANG_ENABLE_MODULES = YES;
				CLANG_ENABLE_OBJC_ARC = YES;
				CLANG_WARN_BOOL_CONVERSION = YES;
				CLANG_WARN_CONSTANT_CONVERSION = YES;
				CLANG_WARN_DIRECT_OBJC_ISA_USAGE = YES_ERROR;
				CLANG_WARN_DOCUMENTATION_COMMENTS = YES;
				CLANG_WARN_EMPTY_BODY = YES;
				CLANG_WARN_ENUM_CONVERSION = YES;
				CLANG_WARN_INFINITE_RECURSION = YES;
				CLANG_WARN_INT_CONVERSION = YES;
				CLANG_WARN_OBJC_ROOT_CLASS = YES_ERROR;
				CLANG_WARN_SUSPICIOUS_MOVE = YES;
				CLANG_WARN_UNREACHABLE_CODE = YES;
				CLANG_WARN__DUPLICATE_METHOD_MATCH = YES;
				"CODE_SIGN_IDENTITY[sdk=iphoneos*]" = "iPhone Developer";
				COPY_PHASE_STRIP = NO;
				DEBUG_INFORMATION_FORMAT = "dwarf-with-dsym";
				ENABLE_NS_ASSERTIONS = NO;
				ENABLE_STRICT_OBJC_MSGSEND = YES;
				GCC_C_LANGUAGE_STANDARD = gnu99;
				GCC_NO_COMMON_BLOCKS = YES;
				GCC_WARN_64_TO_32_BIT_CONVERSION = YES;
				GCC_WARN_ABOUT_RETURN_TYPE = YES_ERROR;
				GCC_WARN_UNDECLARED_SELECTOR = YES;
				GCC_WARN_UNINITIALIZED_AUTOS = YES_AGGRESSIVE;
				GCC_WARN_UNUSED_FUNCTION = YES;
				GCC_WARN_UNUSED_VARIABLE = YES;
				IPHONEOS_DEPLOYMENT_TARGET = 10.3;
				MTL_ENABLE_DEBUG_INFO = NO;
				SDKROOT = iphoneos;
				SWIFT_OPTIMIZATION_LEVEL = "-Owholemodule";
				TARGETED_DEVICE_FAMILY = "1,2";
				VALIDATE_PRODUCT = YES;
			};
			name = Release;
		};
		F05C7C711F06374400186E6A /* Debug */ = {
			isa = XCBuildConfiguration;
			buildSettings = {
				ASSETCATALOG_COMPILER_APPICON_NAME = AppIcon;
				INFOPLIST_FILE = ImmediatePill/Info.plist;
				LD_RUNPATH_SEARCH_PATHS = "$(inherited) @executable_path/Frameworks";
				PRODUCT_BUNDLE_IDENTIFIER = com.on3.ImmediatePill;
				PRODUCT_NAME = "$(TARGET_NAME)";
				SWIFT_VERSION = 3.0;
			};
			name = Debug;
		};
		F05C7C721F06374400186E6A /* Release */ = {
			isa = XCBuildConfiguration;
			buildSettings = {
				ASSETCATALOG_COMPILER_APPICON_NAME = AppIcon;
				INFOPLIST_FILE = ImmediatePill/Info.plist;
				LD_RUNPATH_SEARCH_PATHS = "$(inherited) @executable_path/Frameworks";
				PRODUCT_BUNDLE_IDENTIFIER = com.on3.ImmediatePill;
				PRODUCT_NAME = "$(TARGET_NAME)";
				SWIFT_VERSION = 3.0;
			};
			name = Release;
		};
/* End XCBuildConfiguration section */

/* Begin XCConfigurationList section */
		F05C7C591F06374400186E6A /* Build configuration list for PBXProject "ImmediatePill" */ = {
			isa = XCConfigurationList;
			buildConfigurations = (
				F05C7C6E1F06374400186E6A /* Debug */,
				F05C7C6F1F06374400186E6A /* Release */,
			);
			defaultConfigurationIsVisible = 0;
			defaultConfigurationName = Release;
		};
		F05C7C701F06374400186E6A /* Build configuration list for PBXNativeTarget "ImmediatePill" */ = {
			isa = XCConfigurationList;
			buildConfigurations = (
				F05C7C711F06374400186E6A /* Debug */,
				F05C7C721F06374400186E6A /* Release */,
			);
			defaultConfigurationIsVisible = 0;
		};
/* End XCConfigurationList section */
	};
	rootObject = F05C7C561F06374400186E6A /* Project object */;
}
